
Microsoft Visual Studio Solution File, Format Version 12.00
# Visual Studio Version 17
VisualStudioVersion = 17.10.35027.167
MinimumVisualStudioVersion = 10.0.40219.1
Project("{FAE04EC0-301F-11D3-BF4B-00C04F79EFBC}") = "TodoApi", "TodoApi\TodoApi.csproj", "{8F6DC7B1-9C93-4906-A6C3-08AC7A9B8D79}"
EndProject
Global
	GlobalSection(SolutionConfigurationPlatforms) = preSolution
		Debug|Any CPU = Debug|Any CPU
		Release|Any CPU = Release|Any CPU
	EndGlobalSection
	GlobalSection(ProjectConfigurationPlatforms) = postSolution
		{8F6DC7B1-9C93-4906-A6C3-08AC7A9B8D79}.Debug|Any CPU.ActiveCfg = Debug|Any CPU
		{8F6DC7B1-9C93-4906-A6C3-08AC7A9B8D79}.Debug|Any CPU.Build.0 = Debug|Any CPU
		{8F6DC7B1-9C93-4906-A6C3-08AC7A9B8D79}.Release|Any CPU.ActiveCfg = Release|Any CPU
		{8F6DC7B1-9C93-4906-A6C3-08AC7A9B8D79}.Release|Any CPU.Build.0 = Release|Any CPU
	EndGlobalSection
	GlobalSection(SolutionProperties) = preSolution
		HideSolutionNode = FALSE
	EndGlobalSection
	GlobalSection(ExtensibilityGlobals) = postSolution
		SolutionGuid = {3DA4EF38-C218-4D2F-BB6A-C3E59F3AB143}
	EndGlobalSection
EndGlobal
